
Microsoft Visual Studio Solution File, Format Version 12.00
# Visual Studio Version 17
VisualStudioVersion = 17.14.36310.24
MinimumVisualStudioVersion = 10.0.40219.1
Project("{FAE04EC0-301F-11D3-BF4B-00C04F79EFBC}") = "hospitalsystem", "hospitalsystem\hospitalsystem.csproj", "{1E329E86-6CC2-4B1E-9346-22095CDD1D03}"
EndProject
Global
	GlobalSection(SolutionConfigurationPlatforms) = preSolution
		Debug|Any CPU = Debug|Any CPU
		Release|Any CPU = Release|Any CPU
	EndGlobalSection
	GlobalSection(ProjectConfigurationPlatforms) = postSolution
		{1E329E86-6CC2-4B1E-9346-22095CDD1D03}.Debug|Any CPU.ActiveCfg = Debug|Any CPU
		{1E329E86-6CC2-4B1E-9346-22095CDD1D03}.Debug|Any CPU.Build.0 = Debug|Any CPU
		{1E329E86-6CC2-4B1E-9346-22095CDD1D03}.Release|Any CPU.ActiveCfg = Release|Any CPU
		{1E329E86-6CC2-4B1E-9346-22095CDD1D03}.Release|Any CPU.Build.0 = Release|Any CPU
	EndGlobalSection
	GlobalSection(SolutionProperties) = preSolution
		HideSolutionNode = FALSE
	EndGlobalSection
	GlobalSection(ExtensibilityGlobals) = postSolution
		SolutionGuid = {B8033C40-EEE3-4C18-B4D9-19A0516B71D6}
	EndGlobalSection
EndGlobal
